
Microsoft Visual Studio Solution File, Format Version 12.00
# Visual Studio Version 16
VisualStudioVersion = 16.0.31112.23
MinimumVisualStudioVersion = 10.0.40219.1
Project("{FAE04EC0-301F-11D3-BF4B-00C04F79EFBC}") = "Rover", "Rover\Rover.csproj", "{37DF2B6E-A456-47B1-B061-BF6781F6D580}"
EndProject
Global
	GlobalSection(SolutionConfigurationPlatforms) = preSolution
		Debug|Any CPU = Debug|Any CPU
		Release|Any CPU = Release|Any CPU
	EndGlobalSection
	GlobalSection(ProjectConfigurationPlatforms) = postSolution
		{37DF2B6E-A456-47B1-B061-BF6781F6D580}.Debug|Any CPU.ActiveCfg = Debug|Any CPU
		{37DF2B6E-A456-47B1-B061-BF6781F6D580}.Debug|Any CPU.Build.0 = Debug|Any CPU
		{37DF2B6E-A456-47B1-B061-BF6781F6D580}.Release|Any CPU.ActiveCfg = Release|Any CPU
		{37DF2B6E-A456-47B1-B061-BF6781F6D580}.Release|Any CPU.Build.0 = Release|Any CPU
	EndGlobalSection
	GlobalSection(SolutionProperties) = preSolution
		HideSolutionNode = FALSE
	EndGlobalSection
	GlobalSection(ExtensibilityGlobals) = postSolution
		SolutionGuid = {36BF0980-A8A8-48D1-B55F-9F849E056097}
	EndGlobalSection
EndGlobal
